// !$*UTF8*$!
{
	archiveVersion = 1;
	classes = {
	};
	objectVersion = 56;
	objects = {

/* Begin PBXBuildFile section */
		E71780B22BD00E460056BF64 /* DatabaseNavigationView.swift in Sources */ = {isa = PBXBuildFile; fileRef = E71780B12BD00E460056BF64 /* DatabaseNavigationView.swift */; };
		E71780B42BD00E820056BF64 /* DatabaseNavigationController.swift in Sources */ = {isa = PBXBuildFile; fileRef = E71780B32BD00E820056BF64 /* DatabaseNavigationController.swift */; };
		E71780B62BD010260056BF64 /* DatabaseRowView.swift in Sources */ = {isa = PBXBuildFile; fileRef = E71780B52BD010260056BF64 /* DatabaseRowView.swift */; };
		E71780B92BD011B60056BF64 /* RedisDatabase.swift in Sources */ = {isa = PBXBuildFile; fileRef = E71780B82BD011B60056BF64 /* RedisDatabase.swift */; };
		E71780BB2BD011CC0056BF64 /* RedisRow.swift in Sources */ = {isa = PBXBuildFile; fileRef = E71780BA2BD011CC0056BF64 /* RedisRow.swift */; };
		E71780BD2BD011DB0056BF64 /* RedisType.swift in Sources */ = {isa = PBXBuildFile; fileRef = E71780BC2BD011DB0056BF64 /* RedisType.swift */; };
		E71780BF2BD012860056BF64 /* MockData.swift in Sources */ = {isa = PBXBuildFile; fileRef = E71780BE2BD012860056BF64 /* MockData.swift */; };
		E717810E2BD683C10056BF64 /* HomeView.swift in Sources */ = {isa = PBXBuildFile; fileRef = E717810D2BD683C10056BF64 /* HomeView.swift */; };
		E71781102BD6842C0056BF64 /* TopBarView.swift in Sources */ = {isa = PBXBuildFile; fileRef = E717810F2BD6842C0056BF64 /* TopBarView.swift */; };
		E71781122BD684510056BF64 /* DatabaseView.swift in Sources */ = {isa = PBXBuildFile; fileRef = E71781112BD684510056BF64 /* DatabaseView.swift */; };
		E71781142BD686A30056BF64 /* DatabaseDisclosureView.swift in Sources */ = {isa = PBXBuildFile; fileRef = E71781132BD686A30056BF64 /* DatabaseDisclosureView.swift */; };
		E71781162BD6A2560056BF64 /* BlurView.swift in Sources */ = {isa = PBXBuildFile; fileRef = E71781152BD6A2560056BF64 /* BlurView.swift */; };
		E71781182BD7FEF20056BF64 /* RedisItemView.swift in Sources */ = {isa = PBXBuildFile; fileRef = E71781172BD7FEF20056BF64 /* RedisItemView.swift */; };
		E717811A2BD945610056BF64 /* RedisKeyValue.swift in Sources */ = {isa = PBXBuildFile; fileRef = E71781192BD945610056BF64 /* RedisKeyValue.swift */; };
		E717811C2BDFBF870056BF64 /* ConnectionSettingView.swift in Sources */ = {isa = PBXBuildFile; fileRef = E717811B2BDFBF870056BF64 /* ConnectionSettingView.swift */; };
		E717811E2BDFE59E0056BF64 /* RedisConnectionDetail.swift in Sources */ = {isa = PBXBuildFile; fileRef = E717811D2BDFE59E0056BF64 /* RedisConnectionDetail.swift */; };
		E71781202BE8F7EA0056BF64 /* MainView.swift in Sources */ = {isa = PBXBuildFile; fileRef = E717811F2BE8F7EA0056BF64 /* MainView.swift */; };
		E71781222BE8F9550056BF64 /* TabButton.swift in Sources */ = {isa = PBXBuildFile; fileRef = E71781212BE8F9550056BF64 /* TabButton.swift */; };
		E71781242BE9163F0056BF64 /* SideView.swift in Sources */ = {isa = PBXBuildFile; fileRef = E71781232BE9163F0056BF64 /* SideView.swift */; };
		E71781262BE91CC10056BF64 /* AppViewModel.swift in Sources */ = {isa = PBXBuildFile; fileRef = E71781252BE91CC10056BF64 /* AppViewModel.swift */; };
		E71781282BEA61EC0056BF64 /* ConnectionManagementView.swift in Sources */ = {isa = PBXBuildFile; fileRef = E71781272BEA61EB0056BF64 /* ConnectionManagementView.swift */; };
		E717812B2BEA62050056BF64 /* ConnectionCardView.swift in Sources */ = {isa = PBXBuildFile; fileRef = E717812A2BEA62050056BF64 /* ConnectionCardView.swift */; };
		E717812D2BED128E0056BF64 /* ConnectionConfigurationView.swift in Sources */ = {isa = PBXBuildFile; fileRef = E717812C2BED128E0056BF64 /* ConnectionConfigurationView.swift */; };
		E75036482C6B917300BE8394 /* ListAddItemView.swift in Sources */ = {isa = PBXBuildFile; fileRef = E75036472C6B917300BE8394 /* ListAddItemView.swift */; };
		E750364B2C6BA42B00BE8394 /* CustomTextField.swift in Sources */ = {isa = PBXBuildFile; fileRef = E750364A2C6BA42B00BE8394 /* CustomTextField.swift */; };
		E750364D2C70E3C700BE8394 /* CommonDialogView.swift in Sources */ = {isa = PBXBuildFile; fileRef = E750364C2C70E3C700BE8394 /* CommonDialogView.swift */; };
		E75036502C71C9C300BE8394 /* ListPushDirection.swift in Sources */ = {isa = PBXBuildFile; fileRef = E750364F2C71C9C300BE8394 /* ListPushDirection.swift */; };
		E75036562C71DB3B00BE8394 /* Constants.swift in Sources */ = {isa = PBXBuildFile; fileRef = E75036552C71DB3B00BE8394 /* Constants.swift */; };
		E75036592C761BA300BE8394 /* ListModifyItemDialog.swift in Sources */ = {isa = PBXBuildFile; fileRef = E75036582C761BA300BE8394 /* ListModifyItemDialog.swift */; };
		E750365C2C7B05CC00BE8394 /* SetModifyItemDialog.swift in Sources */ = {isa = PBXBuildFile; fileRef = E750365B2C7B05CC00BE8394 /* SetModifyItemDialog.swift */; };
		E750365E2C7B13FA00BE8394 /* SetAddItemDialog.swift in Sources */ = {isa = PBXBuildFile; fileRef = E750365D2C7B13FA00BE8394 /* SetAddItemDialog.swift */; };
		E75036612C7B17F900BE8394 /* HashAddItemDialog.swift in Sources */ = {isa = PBXBuildFile; fileRef = E75036602C7B17F900BE8394 /* HashAddItemDialog.swift */; };
		E75036632C7B187900BE8394 /* HashConflictHandle.swift in Sources */ = {isa = PBXBuildFile; fileRef = E75036622C7B187900BE8394 /* HashConflictHandle.swift */; };
		E7511F052BFB948D00330FBF /* RediStack in Frameworks */ = {isa = PBXBuildFile; productRef = E7511F042BFB948D00330FBF /* RediStack */; };
		E7511F4F2BFCE01000330FBF /* RedisManager.swift in Sources */ = {isa = PBXBuildFile; fileRef = E7511F4E2BFCE01000330FBF /* RedisManager.swift */; };
		E7511F512C20505A00330FBF /* RedisClient.swift in Sources */ = {isa = PBXBuildFile; fileRef = E7511F502C20505A00330FBF /* RedisClient.swift */; };
		E7511F532C29926400330FBF /* ConnectionDetail.swift in Sources */ = {isa = PBXBuildFile; fileRef = E7511F522C29926400330FBF /* ConnectionDetail.swift */; };
		E7511F592C2AE5FE00330FBF /* SettingView.swift in Sources */ = {isa = PBXBuildFile; fileRef = E7511F582C2AE5FE00330FBF /* SettingView.swift */; };
		E75652942BBD9AB000F83280 /* MadisApp.swift in Sources */ = {isa = PBXBuildFile; fileRef = E75652932BBD9AB000F83280 /* MadisApp.swift */; };
		E75652962BBD9AB000F83280 /* ContentView.swift in Sources */ = {isa = PBXBuildFile; fileRef = E75652952BBD9AB000F83280 /* ContentView.swift */; };
		E75652982BBD9AB200F83280 /* Assets.xcassets in Resources */ = {isa = PBXBuildFile; fileRef = E75652972BBD9AB200F83280 /* Assets.xcassets */; };
		E756529B2BBD9AB200F83280 /* Preview Assets.xcassets in Resources */ = {isa = PBXBuildFile; fileRef = E756529A2BBD9AB200F83280 /* Preview Assets.xcassets */; };
		E75652A62BBD9AB200F83280 /* MadisTests.swift in Sources */ = {isa = PBXBuildFile; fileRef = E75652A52BBD9AB200F83280 /* MadisTests.swift */; };
		E75652B02BBD9AB200F83280 /* MadisUITests.swift in Sources */ = {isa = PBXBuildFile; fileRef = E75652AF2BBD9AB200F83280 /* MadisUITests.swift */; };
		E75652B22BBD9AB200F83280 /* MadisUITestsLaunchTests.swift in Sources */ = {isa = PBXBuildFile; fileRef = E75652B12BBD9AB200F83280 /* MadisUITestsLaunchTests.swift */; };
		E7C449362C3594380076FDEF /* RedisItemDetailViewModel.swift in Sources */ = {isa = PBXBuildFile; fileRef = E7C449352C3594380076FDEF /* RedisItemDetailViewModel.swift */; };
		E7C449392C3ECDF70076FDEF /* StringValueEditor.swift in Sources */ = {isa = PBXBuildFile; fileRef = E7C449382C3ECDF70076FDEF /* StringValueEditor.swift */; };
		E7C4493B2C3ED0B90076FDEF /* TableValueEditor.swift in Sources */ = {isa = PBXBuildFile; fileRef = E7C4493A2C3ED0B90076FDEF /* TableValueEditor.swift */; };
		E7F3A2ED2C4FE6E200DE1022 /* RedisValue.swift in Sources */ = {isa = PBXBuildFile; fileRef = E7F3A2EC2C4FE6E200DE1022 /* RedisValue.swift */; };
		E7F3A2F12C59242900DE1022 /* ListTableValueEditor.swift in Sources */ = {isa = PBXBuildFile; fileRef = E7F3A2F02C59242900DE1022 /* ListTableValueEditor.swift */; };
		E7F3A2F32C5A564100DE1022 /* SetTableValueEditor.swift in Sources */ = {isa = PBXBuildFile; fileRef = E7F3A2F22C5A564100DE1022 /* SetTableValueEditor.swift */; };
		E7F3A2F52C5A572300DE1022 /* ZSetTableValueEditor.swift in Sources */ = {isa = PBXBuildFile; fileRef = E7F3A2F42C5A572300DE1022 /* ZSetTableValueEditor.swift */; };
		E7F3A2F72C5A58BD00DE1022 /* HashTableValueEditor.swift in Sources */ = {isa = PBXBuildFile; fileRef = E7F3A2F62C5A58BD00DE1022 /* HashTableValueEditor.swift */; };
		E7F3A2F92C5A5AB200DE1022 /* StreamTableValueEditor.swift in Sources */ = {isa = PBXBuildFile; fileRef = E7F3A2F82C5A5AB200DE1022 /* StreamTableValueEditor.swift */; };
		E7F3A2FC2C5A5B4600DE1022 /* Utils.swift in Sources */ = {isa = PBXBuildFile; fileRef = E7F3A2FB2C5A5B4600DE1022 /* Utils.swift */; };
/* End PBXBuildFile section */

/* Begin PBXContainerItemProxy section */
		E75652A22BBD9AB200F83280 /* PBXContainerItemProxy */ = {
			isa = PBXContainerItemProxy;
			containerPortal = E75652882BBD9AB000F83280 /* Project object */;
			proxyType = 1;
			remoteGlobalIDString = E756528F2BBD9AB000F83280;
			remoteInfo = Madis;
		};
		E75652AC2BBD9AB200F83280 /* PBXContainerItemProxy */ = {
			isa = PBXContainerItemProxy;
			containerPortal = E75652882BBD9AB000F83280 /* Project object */;
			proxyType = 1;
			remoteGlobalIDString = E756528F2BBD9AB000F83280;
			remoteInfo = Madis;
		};
/* End PBXContainerItemProxy section */

/* Begin PBXFileReference section */
		E71780B12BD00E460056BF64 /* DatabaseNavigationView.swift */ = {isa = PBXFileReference; lastKnownFileType = sourcecode.swift; path = DatabaseNavigationView.swift; sourceTree = "<group>"; };
		E71780B32BD00E820056BF64 /* DatabaseNavigationController.swift */ = {isa = PBXFileReference; lastKnownFileType = sourcecode.swift; path = DatabaseNavigationController.swift; sourceTree = "<group>"; };
		E71780B52BD010260056BF64 /* DatabaseRowView.swift */ = {isa = PBXFileReference; lastKnownFileType = sourcecode.swift; path = DatabaseRowView.swift; sourceTree = "<group>"; };
		E71780B82BD011B60056BF64 /* RedisDatabase.swift */ = {isa = PBXFileReference; lastKnownFileType = sourcecode.swift; path = RedisDatabase.swift; sourceTree = "<group>"; };
		E71780BA2BD011CC0056BF64 /* RedisRow.swift */ = {isa = PBXFileReference; lastKnownFileType = sourcecode.swift; path = RedisRow.swift; sourceTree = "<group>"; };
		E71780BC2BD011DB0056BF64 /* RedisType.swift */ = {isa = PBXFileReference; lastKnownFileType = sourcecode.swift; path = RedisType.swift; sourceTree = "<group>"; };
		E71780BE2BD012860056BF64 /* MockData.swift */ = {isa = PBXFileReference; lastKnownFileType = sourcecode.swift; path = MockData.swift; sourceTree = "<group>"; };
		E717810D2BD683C10056BF64 /* HomeView.swift */ = {isa = PBXFileReference; lastKnownFileType = sourcecode.swift; path = HomeView.swift; sourceTree = "<group>"; };
		E717810F2BD6842C0056BF64 /* TopBarView.swift */ = {isa = PBXFileReference; lastKnownFileType = sourcecode.swift; path = TopBarView.swift; sourceTree = "<group>"; };
		E71781112BD684510056BF64 /* DatabaseView.swift */ = {isa = PBXFileReference; lastKnownFileType = sourcecode.swift; path = DatabaseView.swift; sourceTree = "<group>"; };
		E71781132BD686A30056BF64 /* DatabaseDisclosureView.swift */ = {isa = PBXFileReference; lastKnownFileType = sourcecode.swift; path = DatabaseDisclosureView.swift; sourceTree = "<group>"; };
		E71781152BD6A2560056BF64 /* BlurView.swift */ = {isa = PBXFileReference; lastKnownFileType = sourcecode.swift; path = BlurView.swift; sourceTree = "<group>"; };
		E71781172BD7FEF20056BF64 /* RedisItemView.swift */ = {isa = PBXFileReference; lastKnownFileType = sourcecode.swift; path = RedisItemView.swift; sourceTree = "<group>"; };
		E71781192BD945610056BF64 /* RedisKeyValue.swift */ = {isa = PBXFileReference; lastKnownFileType = sourcecode.swift; path = RedisKeyValue.swift; sourceTree = "<group>"; };
		E717811B2BDFBF870056BF64 /* ConnectionSettingView.swift */ = {isa = PBXFileReference; lastKnownFileType = sourcecode.swift; path = ConnectionSettingView.swift; sourceTree = "<group>"; };
		E717811D2BDFE59E0056BF64 /* RedisConnectionDetail.swift */ = {isa = PBXFileReference; lastKnownFileType = sourcecode.swift; path = RedisConnectionDetail.swift; sourceTree = "<group>"; };
		E717811F2BE8F7EA0056BF64 /* MainView.swift */ = {isa = PBXFileReference; lastKnownFileType = sourcecode.swift; path = MainView.swift; sourceTree = "<group>"; };
		E71781212BE8F9550056BF64 /* TabButton.swift */ = {isa = PBXFileReference; lastKnownFileType = sourcecode.swift; path = TabButton.swift; sourceTree = "<group>"; };
		E71781232BE9163F0056BF64 /* SideView.swift */ = {isa = PBXFileReference; lastKnownFileType = sourcecode.swift; path = SideView.swift; sourceTree = "<group>"; };
		E71781252BE91CC10056BF64 /* AppViewModel.swift */ = {isa = PBXFileReference; lastKnownFileType = sourcecode.swift; path = AppViewModel.swift; sourceTree = "<group>"; };
		E71781272BEA61EB0056BF64 /* ConnectionManagementView.swift */ = {isa = PBXFileReference; lastKnownFileType = sourcecode.swift; path = ConnectionManagementView.swift; sourceTree = "<group>"; };
		E717812A2BEA62050056BF64 /* ConnectionCardView.swift */ = {isa = PBXFileReference; lastKnownFileType = sourcecode.swift; path = ConnectionCardView.swift; sourceTree = "<group>"; };
		E717812C2BED128E0056BF64 /* ConnectionConfigurationView.swift */ = {isa = PBXFileReference; lastKnownFileType = sourcecode.swift; path = ConnectionConfigurationView.swift; sourceTree = "<group>"; };
		E75036472C6B917300BE8394 /* ListAddItemView.swift */ = {isa = PBXFileReference; lastKnownFileType = sourcecode.swift; path = ListAddItemView.swift; sourceTree = "<group>"; };
		E750364A2C6BA42B00BE8394 /* CustomTextField.swift */ = {isa = PBXFileReference; lastKnownFileType = sourcecode.swift; path = CustomTextField.swift; sourceTree = "<group>"; };
		E750364C2C70E3C700BE8394 /* CommonDialogView.swift */ = {isa = PBXFileReference; lastKnownFileType = sourcecode.swift; path = CommonDialogView.swift; sourceTree = "<group>"; };
		E750364F2C71C9C300BE8394 /* ListPushDirection.swift */ = {isa = PBXFileReference; lastKnownFileType = sourcecode.swift; path = ListPushDirection.swift; sourceTree = "<group>"; };
		E75036552C71DB3B00BE8394 /* Constants.swift */ = {isa = PBXFileReference; lastKnownFileType = sourcecode.swift; path = Constants.swift; sourceTree = "<group>"; };
		E75036582C761BA300BE8394 /* ListModifyItemDialog.swift */ = {isa = PBXFileReference; lastKnownFileType = sourcecode.swift; path = ListModifyItemDialog.swift; sourceTree = "<group>"; };
		E750365B2C7B05CC00BE8394 /* SetModifyItemDialog.swift */ = {isa = PBXFileReference; lastKnownFileType = sourcecode.swift; path = SetModifyItemDialog.swift; sourceTree = "<group>"; };
		E750365D2C7B13FA00BE8394 /* SetAddItemDialog.swift */ = {isa = PBXFileReference; lastKnownFileType = sourcecode.swift; path = SetAddItemDialog.swift; sourceTree = "<group>"; };
		E75036602C7B17F900BE8394 /* HashAddItemDialog.swift */ = {isa = PBXFileReference; lastKnownFileType = sourcecode.swift; path = HashAddItemDialog.swift; sourceTree = "<group>"; };
		E75036622C7B187900BE8394 /* HashConflictHandle.swift */ = {isa = PBXFileReference; lastKnownFileType = sourcecode.swift; path = HashConflictHandle.swift; sourceTree = "<group>"; };
		E7511F4E2BFCE01000330FBF /* RedisManager.swift */ = {isa = PBXFileReference; lastKnownFileType = sourcecode.swift; path = RedisManager.swift; sourceTree = "<group>"; };
		E7511F502C20505A00330FBF /* RedisClient.swift */ = {isa = PBXFileReference; lastKnownFileType = sourcecode.swift; path = RedisClient.swift; sourceTree = "<group>"; };
		E7511F522C29926400330FBF /* ConnectionDetail.swift */ = {isa = PBXFileReference; lastKnownFileType = sourcecode.swift; path = ConnectionDetail.swift; sourceTree = "<group>"; };
		E7511F582C2AE5FE00330FBF /* SettingView.swift */ = {isa = PBXFileReference; lastKnownFileType = sourcecode.swift; path = SettingView.swift; sourceTree = "<group>"; };
		E75652902BBD9AB000F83280 /* Madis.app */ = {isa = PBXFileReference; explicitFileType = wrapper.application; includeInIndex = 0; path = Madis.app; sourceTree = BUILT_PRODUCTS_DIR; };
		E75652932BBD9AB000F83280 /* MadisApp.swift */ = {isa = PBXFileReference; lastKnownFileType = sourcecode.swift; path = MadisApp.swift; sourceTree = "<group>"; };
		E75652952BBD9AB000F83280 /* ContentView.swift */ = {isa = PBXFileReference; lastKnownFileType = sourcecode.swift; path = ContentView.swift; sourceTree = "<group>"; };
		E75652972BBD9AB200F83280 /* Assets.xcassets */ = {isa = PBXFileReference; lastKnownFileType = folder.assetcatalog; path = Assets.xcassets; sourceTree = "<group>"; };
		E756529A2BBD9AB200F83280 /* Preview Assets.xcassets */ = {isa = PBXFileReference; lastKnownFileType = folder.assetcatalog; path = "Preview Assets.xcassets"; sourceTree = "<group>"; };
		E756529C2BBD9AB200F83280 /* Madis.entitlements */ = {isa = PBXFileReference; lastKnownFileType = text.plist.entitlements; path = Madis.entitlements; sourceTree = "<group>"; };
		E75652A12BBD9AB200F83280 /* MadisTests.xctest */ = {isa = PBXFileReference; explicitFileType = wrapper.cfbundle; includeInIndex = 0; path = MadisTests.xctest; sourceTree = BUILT_PRODUCTS_DIR; };
		E75652A52BBD9AB200F83280 /* MadisTests.swift */ = {isa = PBXFileReference; lastKnownFileType = sourcecode.swift; path = MadisTests.swift; sourceTree = "<group>"; };
		E75652AB2BBD9AB200F83280 /* MadisUITests.xctest */ = {isa = PBXFileReference; explicitFileType = wrapper.cfbundle; includeInIndex = 0; path = MadisUITests.xctest; sourceTree = BUILT_PRODUCTS_DIR; };
		E75652AF2BBD9AB200F83280 /* MadisUITests.swift */ = {isa = PBXFileReference; lastKnownFileType = sourcecode.swift; path = MadisUITests.swift; sourceTree = "<group>"; };
		E75652B12BBD9AB200F83280 /* MadisUITestsLaunchTests.swift */ = {isa = PBXFileReference; lastKnownFileType = sourcecode.swift; path = MadisUITestsLaunchTests.swift; sourceTree = "<group>"; };
		E7C449352C3594380076FDEF /* RedisItemDetailViewModel.swift */ = {isa = PBXFileReference; lastKnownFileType = sourcecode.swift; path = RedisItemDetailViewModel.swift; sourceTree = "<group>"; };
		E7C449382C3ECDF70076FDEF /* StringValueEditor.swift */ = {isa = PBXFileReference; lastKnownFileType = sourcecode.swift; path = StringValueEditor.swift; sourceTree = "<group>"; };
		E7C4493A2C3ED0B90076FDEF /* TableValueEditor.swift */ = {isa = PBXFileReference; lastKnownFileType = sourcecode.swift; path = TableValueEditor.swift; sourceTree = "<group>"; };
		E7F3A2EC2C4FE6E200DE1022 /* RedisValue.swift */ = {isa = PBXFileReference; lastKnownFileType = sourcecode.swift; path = RedisValue.swift; sourceTree = "<group>"; };
		E7F3A2F02C59242900DE1022 /* ListTableValueEditor.swift */ = {isa = PBXFileReference; lastKnownFileType = sourcecode.swift; path = ListTableValueEditor.swift; sourceTree = "<group>"; };
		E7F3A2F22C5A564100DE1022 /* SetTableValueEditor.swift */ = {isa = PBXFileReference; lastKnownFileType = sourcecode.swift; path = SetTableValueEditor.swift; sourceTree = "<group>"; };
		E7F3A2F42C5A572300DE1022 /* ZSetTableValueEditor.swift */ = {isa = PBXFileReference; lastKnownFileType = sourcecode.swift; path = ZSetTableValueEditor.swift; sourceTree = "<group>"; };
		E7F3A2F62C5A58BD00DE1022 /* HashTableValueEditor.swift */ = {isa = PBXFileReference; lastKnownFileType = sourcecode.swift; path = HashTableValueEditor.swift; sourceTree = "<group>"; };
		E7F3A2F82C5A5AB200DE1022 /* StreamTableValueEditor.swift */ = {isa = PBXFileReference; lastKnownFileType = sourcecode.swift; path = StreamTableValueEditor.swift; sourceTree = "<group>"; };
		E7F3A2FB2C5A5B4600DE1022 /* Utils.swift */ = {isa = PBXFileReference; lastKnownFileType = sourcecode.swift; path = Utils.swift; sourceTree = "<group>"; };
/* End PBXFileReference section */

/* Begin PBXFrameworksBuildPhase section */
		E756528D2BBD9AB000F83280 /* Frameworks */ = {
			isa = PBXFrameworksBuildPhase;
			buildActionMask = 2147483647;
			files = (
				E7511F052BFB948D00330FBF /* RediStack in Frameworks */,
			);
			runOnlyForDeploymentPostprocessing = 0;
		};
		E756529E2BBD9AB200F83280 /* Frameworks */ = {
			isa = PBXFrameworksBuildPhase;
			buildActionMask = 2147483647;
			files = (
			);
			runOnlyForDeploymentPostprocessing = 0;
		};
		E75652A82BBD9AB200F83280 /* Frameworks */ = {
			isa = PBXFrameworksBuildPhase;
			buildActionMask = 2147483647;
			files = (
			);
			runOnlyForDeploymentPostprocessing = 0;
		};
/* End PBXFrameworksBuildPhase section */

/* Begin PBXGroup section */
		E71780AF2BD00E040056BF64 /* Features */ = {
			isa = PBXGroup;
			children = (
				E71780B02BD00E150056BF64 /* DatabaseNavigation */,
			);
			path = Features;
			sourceTree = "<group>";
		};
		E71780B02BD00E150056BF64 /* DatabaseNavigation */ = {
			isa = PBXGroup;
			children = (
				E71780B12BD00E460056BF64 /* DatabaseNavigationView.swift */,
				E71780B32BD00E820056BF64 /* DatabaseNavigationController.swift */,
				E71780B52BD010260056BF64 /* DatabaseRowView.swift */,
			);
			path = DatabaseNavigation;
			sourceTree = "<group>";
		};
		E71780B72BD0119D0056BF64 /* Model */ = {
			isa = PBXGroup;
			children = (
				E75036542C71DB2F00BE8394 /* Constants */,
				E750364E2C71C9AC00BE8394 /* Enums */,
				E71780B82BD011B60056BF64 /* RedisDatabase.swift */,
				E71780BA2BD011CC0056BF64 /* RedisRow.swift */,
				E71780BC2BD011DB0056BF64 /* RedisType.swift */,
				E71780BE2BD012860056BF64 /* MockData.swift */,
				E71781192BD945610056BF64 /* RedisKeyValue.swift */,
				E717811D2BDFE59E0056BF64 /* RedisConnectionDetail.swift */,
				E71781252BE91CC10056BF64 /* AppViewModel.swift */,
				E7511F522C29926400330FBF /* ConnectionDetail.swift */,
				E7C449352C3594380076FDEF /* RedisItemDetailViewModel.swift */,
				E7F3A2EC2C4FE6E200DE1022 /* RedisValue.swift */,
			);
			path = Model;
			sourceTree = "<group>";
		};
		E717810C2BD683AB0056BF64 /* Views */ = {
			isa = PBXGroup;
			children = (
				E75036462C6B911B00BE8394 /* ConfigurationViews */,
				E7C449372C3ECDDC0076FDEF /* Components */,
				E7511F572C2AE5F400330FBF /* Setting */,
				E7511F542C2AE51A00330FBF /* Database */,
				E71781292BEA61F20056BF64 /* Connection */,
				E717810D2BD683C10056BF64 /* HomeView.swift */,
				E717810F2BD6842C0056BF64 /* TopBarView.swift */,
				E71781132BD686A30056BF64 /* DatabaseDisclosureView.swift */,
				E71781152BD6A2560056BF64 /* BlurView.swift */,
				E71781172BD7FEF20056BF64 /* RedisItemView.swift */,
				E717811B2BDFBF870056BF64 /* ConnectionSettingView.swift */,
				E717811F2BE8F7EA0056BF64 /* MainView.swift */,
				E71781212BE8F9550056BF64 /* TabButton.swift */,
				E71781232BE9163F0056BF64 /* SideView.swift */,
			);
			path = Views;
			sourceTree = "<group>";
		};
		E71781292BEA61F20056BF64 /* Connection */ = {
			isa = PBXGroup;
			children = (
				E71781272BEA61EB0056BF64 /* ConnectionManagementView.swift */,
				E717812A2BEA62050056BF64 /* ConnectionCardView.swift */,
				E717812C2BED128E0056BF64 /* ConnectionConfigurationView.swift */,
			);
			path = Connection;
			sourceTree = "<group>";
		};
		E75036462C6B911B00BE8394 /* ConfigurationViews */ = {
			isa = PBXGroup;
			children = (
				E75036472C6B917300BE8394 /* ListAddItemView.swift */,
			);
			path = ConfigurationViews;
			sourceTree = "<group>";
		};
		E75036492C6BA41300BE8394 /* Editors */ = {
			isa = PBXGroup;
			children = (
				E750365F2C7B17E400BE8394 /* Hash */,
				E750365A2C7B05BE00BE8394 /* Set */,
				E75036572C761B8F00BE8394 /* List */,
				E7C449382C3ECDF70076FDEF /* StringValueEditor.swift */,
				E7C4493A2C3ED0B90076FDEF /* TableValueEditor.swift */,
				E7F3A2F02C59242900DE1022 /* ListTableValueEditor.swift */,
				E7F3A2F22C5A564100DE1022 /* SetTableValueEditor.swift */,
				E7F3A2F42C5A572300DE1022 /* ZSetTableValueEditor.swift */,
				E7F3A2F62C5A58BD00DE1022 /* HashTableValueEditor.swift */,
				E7F3A2F82C5A5AB200DE1022 /* StreamTableValueEditor.swift */,
			);
			path = Editors;
			sourceTree = "<group>";
		};
		E750364E2C71C9AC00BE8394 /* Enums */ = {
			isa = PBXGroup;
			children = (
				E750364F2C71C9C300BE8394 /* ListPushDirection.swift */,
				E75036622C7B187900BE8394 /* HashConflictHandle.swift */,
			);
			path = Enums;
			sourceTree = "<group>";
		};
		E75036542C71DB2F00BE8394 /* Constants */ = {
			isa = PBXGroup;
			children = (
				E75036552C71DB3B00BE8394 /* Constants.swift */,
			);
			path = Constants;
			sourceTree = "<group>";
		};
		E75036572C761B8F00BE8394 /* List */ = {
			isa = PBXGroup;
			children = (
				E75036582C761BA300BE8394 /* ListModifyItemDialog.swift */,
			);
			path = List;
			sourceTree = "<group>";
		};
		E750365A2C7B05BE00BE8394 /* Set */ = {
			isa = PBXGroup;
			children = (
				E750365B2C7B05CC00BE8394 /* SetModifyItemDialog.swift */,
				E750365D2C7B13FA00BE8394 /* SetAddItemDialog.swift */,
			);
			path = Set;
			sourceTree = "<group>";
		};
		E750365F2C7B17E400BE8394 /* Hash */ = {
			isa = PBXGroup;
			children = (
				E75036602C7B17F900BE8394 /* HashAddItemDialog.swift */,
			);
			path = Hash;
			sourceTree = "<group>";
		};
		E7511F032BFB948D00330FBF /* Frameworks */ = {
			isa = PBXGroup;
			children = (
			);
			name = Frameworks;
			sourceTree = "<group>";
		};
		E7511F4D2BFCDFFE00330FBF /* Redis */ = {
			isa = PBXGroup;
			children = (
				E7511F4E2BFCE01000330FBF /* RedisManager.swift */,
				E7511F502C20505A00330FBF /* RedisClient.swift */,
			);
			path = Redis;
			sourceTree = "<group>";
		};
		E7511F542C2AE51A00330FBF /* Database */ = {
			isa = PBXGroup;
			children = (
				E71781112BD684510056BF64 /* DatabaseView.swift */,
			);
			path = Database;
			sourceTree = "<group>";
		};
		E7511F572C2AE5F400330FBF /* Setting */ = {
			isa = PBXGroup;
			children = (
				E7511F582C2AE5FE00330FBF /* SettingView.swift */,
			);
			path = Setting;
			sourceTree = "<group>";
		};
		E75652872BBD9AB000F83280 = {
			isa = PBXGroup;
			children = (
				E75652922BBD9AB000F83280 /* Madis */,
				E75652A42BBD9AB200F83280 /* MadisTests */,
				E75652AE2BBD9AB200F83280 /* MadisUITests */,
				E75652912BBD9AB000F83280 /* Products */,
				E7511F032BFB948D00330FBF /* Frameworks */,
			);
			sourceTree = "<group>";
		};
		E75652912BBD9AB000F83280 /* Products */ = {
			isa = PBXGroup;
			children = (
				E75652902BBD9AB000F83280 /* Madis.app */,
				E75652A12BBD9AB200F83280 /* MadisTests.xctest */,
				E75652AB2BBD9AB200F83280 /* MadisUITests.xctest */,
			);
			name = Products;
			sourceTree = "<group>";
		};
		E75652922BBD9AB000F83280 /* Madis */ = {
			isa = PBXGroup;
			children = (
				E7F3A2FA2C5A5AF900DE1022 /* Utils */,
				E7511F4D2BFCDFFE00330FBF /* Redis */,
				E717810C2BD683AB0056BF64 /* Views */,
				E71780B72BD0119D0056BF64 /* Model */,
				E71780AF2BD00E040056BF64 /* Features */,
				E75652932BBD9AB000F83280 /* MadisApp.swift */,
				E75652952BBD9AB000F83280 /* ContentView.swift */,
				E75652972BBD9AB200F83280 /* Assets.xcassets */,
				E756529C2BBD9AB200F83280 /* Madis.entitlements */,
				E75652992BBD9AB200F83280 /* Preview Content */,
			);
			path = Madis;
			sourceTree = "<group>";
		};
		E75652992BBD9AB200F83280 /* Preview Content */ = {
			isa = PBXGroup;
			children = (
				E756529A2BBD9AB200F83280 /* Preview Assets.xcassets */,
			);
			path = "Preview Content";
			sourceTree = "<group>";
		};
		E75652A42BBD9AB200F83280 /* MadisTests */ = {
			isa = PBXGroup;
			children = (
				E75652A52BBD9AB200F83280 /* MadisTests.swift */,
			);
			path = MadisTests;
			sourceTree = "<group>";
		};
		E75652AE2BBD9AB200F83280 /* MadisUITests */ = {
			isa = PBXGroup;
			children = (
				E75652AF2BBD9AB200F83280 /* MadisUITests.swift */,
				E75652B12BBD9AB200F83280 /* MadisUITestsLaunchTests.swift */,
			);
			path = MadisUITests;
			sourceTree = "<group>";
		};
		E7C449372C3ECDDC0076FDEF /* Components */ = {
			isa = PBXGroup;
			children = (
				E75036492C6BA41300BE8394 /* Editors */,
				E750364A2C6BA42B00BE8394 /* CustomTextField.swift */,
				E750364C2C70E3C700BE8394 /* CommonDialogView.swift */,
			);
			path = Components;
			sourceTree = "<group>";
		};
		E7F3A2FA2C5A5AF900DE1022 /* Utils */ = {
			isa = PBXGroup;
			children = (
				E7F3A2FB2C5A5B4600DE1022 /* Utils.swift */,
			);
			path = Utils;
			sourceTree = "<group>";
		};
/* End PBXGroup section */

/* Begin PBXNativeTarget section */
		E756528F2BBD9AB000F83280 /* Madis */ = {
			isa = PBXNativeTarget;
			buildConfigurationList = E75652B52BBD9AB200F83280 /* Build configuration list for PBXNativeTarget "Madis" */;
			buildPhases = (
				E756528C2BBD9AB000F83280 /* Sources */,
				E756528D2BBD9AB000F83280 /* Frameworks */,
				E756528E2BBD9AB000F83280 /* Resources */,
			);
			buildRules = (
			);
			dependencies = (
			);
			name = Madis;
			packageProductDependencies = (
				E7511F042BFB948D00330FBF /* RediStack */,
			);
			productName = Madis;
			productReference = E75652902BBD9AB000F83280 /* Madis.app */;
			productType = "com.apple.product-type.application";
		};
		E75652A02BBD9AB200F83280 /* MadisTests */ = {
			isa = PBXNativeTarget;
			buildConfigurationList = E75652B82BBD9AB200F83280 /* Build configuration list for PBXNativeTarget "MadisTests" */;
			buildPhases = (
				E756529D2BBD9AB200F83280 /* Sources */,
				E756529E2BBD9AB200F83280 /* Frameworks */,
				E756529F2BBD9AB200F83280 /* Resources */,
			);
			buildRules = (
			);
			dependencies = (
				E75652A32BBD9AB200F83280 /* PBXTargetDependency */,
			);
			name = MadisTests;
			productName = MadisTests;
			productReference = E75652A12BBD9AB200F83280 /* MadisTests.xctest */;
			productType = "com.apple.product-type.bundle.unit-test";
		};
		E75652AA2BBD9AB200F83280 /* MadisUITests */ = {
			isa = PBXNativeTarget;
			buildConfigurationList = E75652BB2BBD9AB200F83280 /* Build configuration list for PBXNativeTarget "MadisUITests" */;
			buildPhases = (
				E75652A72BBD9AB200F83280 /* Sources */,
				E75652A82BBD9AB200F83280 /* Frameworks */,
				E75652A92BBD9AB200F83280 /* Resources */,
			);
			buildRules = (
			);
			dependencies = (
				E75652AD2BBD9AB200F83280 /* PBXTargetDependency */,
			);
			name = MadisUITests;
			productName = MadisUITests;
			productReference = E75652AB2BBD9AB200F83280 /* MadisUITests.xctest */;
			productType = "com.apple.product-type.bundle.ui-testing";
		};
/* End PBXNativeTarget section */

/* Begin PBXProject section */
		E75652882BBD9AB000F83280 /* Project object */ = {
			isa = PBXProject;
			attributes = {
				BuildIndependentTargetsInParallel = 1;
				LastSwiftUpdateCheck = 1530;
				LastUpgradeCheck = 1530;
				TargetAttributes = {
					E756528F2BBD9AB000F83280 = {
						CreatedOnToolsVersion = 15.3;
					};
					E75652A02BBD9AB200F83280 = {
						CreatedOnToolsVersion = 15.3;
						TestTargetID = E756528F2BBD9AB000F83280;
					};
					E75652AA2BBD9AB200F83280 = {
						CreatedOnToolsVersion = 15.3;
						TestTargetID = E756528F2BBD9AB000F83280;
					};
				};
			};
			buildConfigurationList = E756528B2BBD9AB000F83280 /* Build configuration list for PBXProject "Madis" */;
			compatibilityVersion = "Xcode 14.0";
			developmentRegion = en;
			hasScannedForEncodings = 0;
			knownRegions = (
				en,
				Base,
			);
			mainGroup = E75652872BBD9AB000F83280;
			packageReferences = (
				E71781762BF6531B0056BF64 /* XCRemoteSwiftPackageReference "RediStack" */,
			);
			productRefGroup = E75652912BBD9AB000F83280 /* Products */;
			projectDirPath = "";
			projectRoot = "";
			targets = (
				E756528F2BBD9AB000F83280 /* Madis */,
				E75652A02BBD9AB200F83280 /* MadisTests */,
				E75652AA2BBD9AB200F83280 /* MadisUITests */,
			);
		};
/* End PBXProject section */

/* Begin PBXResourcesBuildPhase section */
		E756528E2BBD9AB000F83280 /* Resources */ = {
			isa = PBXResourcesBuildPhase;
			buildActionMask = 2147483647;
			files = (
				E756529B2BBD9AB200F83280 /* Preview Assets.xcassets in Resources */,
				E75652982BBD9AB200F83280 /* Assets.xcassets in Resources */,
			);
			runOnlyForDeploymentPostprocessing = 0;
		};
		E756529F2BBD9AB200F83280 /* Resources */ = {
			isa = PBXResourcesBuildPhase;
			buildActionMask = 2147483647;
			files = (
			);
			runOnlyForDeploymentPostprocessing = 0;
		};
		E75652A92BBD9AB200F83280 /* Resources */ = {
			isa = PBXResourcesBuildPhase;
			buildActionMask = 2147483647;
			files = (
			);
			runOnlyForDeploymentPostprocessing = 0;
		};
/* End PBXResourcesBuildPhase section */

/* Begin PBXSourcesBuildPhase section */
		E756528C2BBD9AB000F83280 /* Sources */ = {
			isa = PBXSourcesBuildPhase;
			buildActionMask = 2147483647;
			files = (
				E7511F532C29926400330FBF /* ConnectionDetail.swift in Sources */,
				E75036632C7B187900BE8394 /* HashConflictHandle.swift in Sources */,
				E7F3A2F12C59242900DE1022 /* ListTableValueEditor.swift in Sources */,
				E71780BB2BD011CC0056BF64 /* RedisRow.swift in Sources */,
				E7F3A2F52C5A572300DE1022 /* ZSetTableValueEditor.swift in Sources */,
				E71781282BEA61EC0056BF64 /* ConnectionManagementView.swift in Sources */,
				E7F3A2FC2C5A5B4600DE1022 /* Utils.swift in Sources */,
				E71781162BD6A2560056BF64 /* BlurView.swift in Sources */,
				E750364D2C70E3C700BE8394 /* CommonDialogView.swift in Sources */,
				E750364B2C6BA42B00BE8394 /* CustomTextField.swift in Sources */,
				E71781122BD684510056BF64 /* DatabaseView.swift in Sources */,
				E71781142BD686A30056BF64 /* DatabaseDisclosureView.swift in Sources */,
				E71780B92BD011B60056BF64 /* RedisDatabase.swift in Sources */,
				E7C449362C3594380076FDEF /* RedisItemDetailViewModel.swift in Sources */,
				E71781202BE8F7EA0056BF64 /* MainView.swift in Sources */,
				E75652962BBD9AB000F83280 /* ContentView.swift in Sources */,
				E71781182BD7FEF20056BF64 /* RedisItemView.swift in Sources */,
				E71781262BE91CC10056BF64 /* AppViewModel.swift in Sources */,
				E717810E2BD683C10056BF64 /* HomeView.swift in Sources */,
				E71781242BE9163F0056BF64 /* SideView.swift in Sources */,
				E750365C2C7B05CC00BE8394 /* SetModifyItemDialog.swift in Sources */,
				E7F3A2ED2C4FE6E200DE1022 /* RedisValue.swift in Sources */,
				E717812D2BED128E0056BF64 /* ConnectionConfigurationView.swift in Sources */,
				E7C449392C3ECDF70076FDEF /* StringValueEditor.swift in Sources */,
				E7511F512C20505A00330FBF /* RedisClient.swift in Sources */,
				E75036562C71DB3B00BE8394 /* Constants.swift in Sources */,
				E7F3A2F72C5A58BD00DE1022 /* HashTableValueEditor.swift in Sources */,
				E717811C2BDFBF870056BF64 /* ConnectionSettingView.swift in Sources */,
				E75036502C71C9C300BE8394 /* ListPushDirection.swift in Sources */,
				E75036482C6B917300BE8394 /* ListAddItemView.swift in Sources */,
				E71780BD2BD011DB0056BF64 /* RedisType.swift in Sources */,
				E75036612C7B17F900BE8394 /* HashAddItemDialog.swift in Sources */,
				E7511F4F2BFCE01000330FBF /* RedisManager.swift in Sources */,
				E71780BF2BD012860056BF64 /* MockData.swift in Sources */,
				E75652942BBD9AB000F83280 /* MadisApp.swift in Sources */,
				E75036592C761BA300BE8394 /* ListModifyItemDialog.swift in Sources */,
				E717812B2BEA62050056BF64 /* ConnectionCardView.swift in Sources */,
				E71781222BE8F9550056BF64 /* TabButton.swift in Sources */,
				E7C4493B2C3ED0B90076FDEF /* TableValueEditor.swift in Sources */,
				E717811A2BD945610056BF64 /* RedisKeyValue.swift in Sources */,
				E717811E2BDFE59E0056BF64 /* RedisConnectionDetail.swift in Sources */,
				E750365E2C7B13FA00BE8394 /* SetAddItemDialog.swift in Sources */,
				E71780B42BD00E820056BF64 /* DatabaseNavigationController.swift in Sources */,
				E71781102BD6842C0056BF64 /* TopBarView.swift in Sources */,
				E71780B62BD010260056BF64 /* DatabaseRowView.swift in Sources */,
				E7511F592C2AE5FE00330FBF /* SettingView.swift in Sources */,
				E7F3A2F92C5A5AB200DE1022 /* StreamTableValueEditor.swift in Sources */,
				E7F3A2F32C5A564100DE1022 /* SetTableValueEditor.swift in Sources */,
				E71780B22BD00E460056BF64 /* DatabaseNavigationView.swift in Sources */,
			);
			runOnlyForDeploymentPostprocessing = 0;
		};
		E756529D2BBD9AB200F83280 /* Sources */ = {
			isa = PBXSourcesBuildPhase;
			buildActionMask = 2147483647;
			files = (
				E75652A62BBD9AB200F83280 /* MadisTests.swift in Sources */,
			);
			runOnlyForDeploymentPostprocessing = 0;
		};
		E75652A72BBD9AB200F83280 /* Sources */ = {
			isa = PBXSourcesBuildPhase;
			buildActionMask = 2147483647;
			files = (
				E75652B02BBD9AB200F83280 /* MadisUITests.swift in Sources */,
				E75652B22BBD9AB200F83280 /* MadisUITestsLaunchTests.swift in Sources */,
			);
			runOnlyForDeploymentPostprocessing = 0;
		};
/* End PBXSourcesBuildPhase section */

/* Begin PBXTargetDependency section */
		E75652A32BBD9AB200F83280 /* PBXTargetDependency */ = {
			isa = PBXTargetDependency;
			target = E756528F2BBD9AB000F83280 /* Madis */;
			targetProxy = E75652A22BBD9AB200F83280 /* PBXContainerItemProxy */;
		};
		E75652AD2BBD9AB200F83280 /* PBXTargetDependency */ = {
			isa = PBXTargetDependency;
			target = E756528F2BBD9AB000F83280 /* Madis */;
			targetProxy = E75652AC2BBD9AB200F83280 /* PBXContainerItemProxy */;
		};
/* End PBXTargetDependency section */

/* Begin XCBuildConfiguration section */
		E75652B32BBD9AB200F83280 /* Debug */ = {
			isa = XCBuildConfiguration;
			buildSettings = {
				ALWAYS_SEARCH_USER_PATHS = NO;
				ASSETCATALOG_COMPILER_GENERATE_SWIFT_ASSET_SYMBOL_EXTENSIONS = YES;
				CLANG_ANALYZER_NONNULL = YES;
				CLANG_ANALYZER_NUMBER_OBJECT_CONVERSION = YES_AGGRESSIVE;
				CLANG_CXX_LANGUAGE_STANDARD = "gnu++20";
				CLANG_ENABLE_MODULES = YES;
				CLANG_ENABLE_OBJC_ARC = YES;
				CLANG_ENABLE_OBJC_WEAK = YES;
				CLANG_WARN_BLOCK_CAPTURE_AUTORELEASING = YES;
				CLANG_WARN_BOOL_CONVERSION = YES;
				CLANG_WARN_COMMA = YES;
				CLANG_WARN_CONSTANT_CONVERSION = YES;
				CLANG_WARN_DEPRECATED_OBJC_IMPLEMENTATIONS = YES;
				CLANG_WARN_DIRECT_OBJC_ISA_USAGE = YES_ERROR;
				CLANG_WARN_DOCUMENTATION_COMMENTS = YES;
				CLANG_WARN_EMPTY_BODY = YES;
				CLANG_WARN_ENUM_CONVERSION = YES;
				CLANG_WARN_INFINITE_RECURSION = YES;
				CLANG_WARN_INT_CONVERSION = YES;
				CLANG_WARN_NON_LITERAL_NULL_CONVERSION = YES;
				CLANG_WARN_OBJC_IMPLICIT_RETAIN_SELF = YES;
				CLANG_WARN_OBJC_LITERAL_CONVERSION = YES;
				CLANG_WARN_OBJC_ROOT_CLASS = YES_ERROR;
				CLANG_WARN_QUOTED_INCLUDE_IN_FRAMEWORK_HEADER = YES;
				CLANG_WARN_RANGE_LOOP_ANALYSIS = YES;
				CLANG_WARN_STRICT_PROTOTYPES = YES;
				CLANG_WARN_SUSPICIOUS_MOVE = YES;
				CLANG_WARN_UNGUARDED_AVAILABILITY = YES_AGGRESSIVE;
				CLANG_WARN_UNREACHABLE_CODE = YES;
				CLANG_WARN__DUPLICATE_METHOD_MATCH = YES;
				COPY_PHASE_STRIP = NO;
				DEBUG_INFORMATION_FORMAT = dwarf;
				ENABLE_STRICT_OBJC_MSGSEND = YES;
				ENABLE_TESTABILITY = YES;
				ENABLE_USER_SCRIPT_SANDBOXING = YES;
				GCC_C_LANGUAGE_STANDARD = gnu17;
				GCC_DYNAMIC_NO_PIC = NO;
				GCC_NO_COMMON_BLOCKS = YES;
				GCC_OPTIMIZATION_LEVEL = 0;
				GCC_PREPROCESSOR_DEFINITIONS = (
					"DEBUG=1",
					"$(inherited)",
				);
				GCC_WARN_64_TO_32_BIT_CONVERSION = YES;
				GCC_WARN_ABOUT_RETURN_TYPE = YES_ERROR;
				GCC_WARN_UNDECLARED_SELECTOR = YES;
				GCC_WARN_UNINITIALIZED_AUTOS = YES_AGGRESSIVE;
				GCC_WARN_UNUSED_FUNCTION = YES;
				GCC_WARN_UNUSED_VARIABLE = YES;
				LOCALIZATION_PREFERS_STRING_CATALOGS = YES;
				MACOSX_DEPLOYMENT_TARGET = 14.3;
				MTL_ENABLE_DEBUG_INFO = INCLUDE_SOURCE;
				MTL_FAST_MATH = YES;
				ONLY_ACTIVE_ARCH = YES;
				SDKROOT = macosx;
				SWIFT_ACTIVE_COMPILATION_CONDITIONS = "DEBUG $(inherited)";
				SWIFT_OPTIMIZATION_LEVEL = "-Onone";
			};
			name = Debug;
		};
		E75652B42BBD9AB200F83280 /* Release */ = {
			isa = XCBuildConfiguration;
			buildSettings = {
				ALWAYS_SEARCH_USER_PATHS = NO;
				ASSETCATALOG_COMPILER_GENERATE_SWIFT_ASSET_SYMBOL_EXTENSIONS = YES;
				CLANG_ANALYZER_NONNULL = YES;
				CLANG_ANALYZER_NUMBER_OBJECT_CONVERSION = YES_AGGRESSIVE;
				CLANG_CXX_LANGUAGE_STANDARD = "gnu++20";
				CLANG_ENABLE_MODULES = YES;
				CLANG_ENABLE_OBJC_ARC = YES;
				CLANG_ENABLE_OBJC_WEAK = YES;
				CLANG_WARN_BLOCK_CAPTURE_AUTORELEASING = YES;
				CLANG_WARN_BOOL_CONVERSION = YES;
				CLANG_WARN_COMMA = YES;
				CLANG_WARN_CONSTANT_CONVERSION = YES;
				CLANG_WARN_DEPRECATED_OBJC_IMPLEMENTATIONS = YES;
				CLANG_WARN_DIRECT_OBJC_ISA_USAGE = YES_ERROR;
				CLANG_WARN_DOCUMENTATION_COMMENTS = YES;
				CLANG_WARN_EMPTY_BODY = YES;
				CLANG_WARN_ENUM_CONVERSION = YES;
				CLANG_WARN_INFINITE_RECURSION = YES;
				CLANG_WARN_INT_CONVERSION = YES;
				CLANG_WARN_NON_LITERAL_NULL_CONVERSION = YES;
				CLANG_WARN_OBJC_IMPLICIT_RETAIN_SELF = YES;
				CLANG_WARN_OBJC_LITERAL_CONVERSION = YES;
				CLANG_WARN_OBJC_ROOT_CLASS = YES_ERROR;
				CLANG_WARN_QUOTED_INCLUDE_IN_FRAMEWORK_HEADER = YES;
				CLANG_WARN_RANGE_LOOP_ANALYSIS = YES;
				CLANG_WARN_STRICT_PROTOTYPES = YES;
				CLANG_WARN_SUSPICIOUS_MOVE = YES;
				CLANG_WARN_UNGUARDED_AVAILABILITY = YES_AGGRESSIVE;
				CLANG_WARN_UNREACHABLE_CODE = YES;
				CLANG_WARN__DUPLICATE_METHOD_MATCH = YES;
				COPY_PHASE_STRIP = NO;
				DEBUG_INFORMATION_FORMAT = "dwarf-with-dsym";
				ENABLE_NS_ASSERTIONS = NO;
				ENABLE_STRICT_OBJC_MSGSEND = YES;
				ENABLE_USER_SCRIPT_SANDBOXING = YES;
				GCC_C_LANGUAGE_STANDARD = gnu17;
				GCC_NO_COMMON_BLOCKS = YES;
				GCC_WARN_64_TO_32_BIT_CONVERSION = YES;
				GCC_WARN_ABOUT_RETURN_TYPE = YES_ERROR;
				GCC_WARN_UNDECLARED_SELECTOR = YES;
				GCC_WARN_UNINITIALIZED_AUTOS = YES_AGGRESSIVE;
				GCC_WARN_UNUSED_FUNCTION = YES;
				GCC_WARN_UNUSED_VARIABLE = YES;
				LOCALIZATION_PREFERS_STRING_CATALOGS = YES;
				MACOSX_DEPLOYMENT_TARGET = 14.3;
				MTL_ENABLE_DEBUG_INFO = NO;
				MTL_FAST_MATH = YES;
				SDKROOT = macosx;
				SWIFT_COMPILATION_MODE = wholemodule;
			};
			name = Release;
		};
		E75652B62BBD9AB200F83280 /* Debug */ = {
			isa = XCBuildConfiguration;
			buildSettings = {
				ASSETCATALOG_COMPILER_APPICON_NAME = AppIcon;
				ASSETCATALOG_COMPILER_GLOBAL_ACCENT_COLOR_NAME = AccentColor;
				CODE_SIGN_ENTITLEMENTS = Madis/Madis.entitlements;
				CODE_SIGN_STYLE = Automatic;
				COMBINE_HIDPI_IMAGES = YES;
				CURRENT_PROJECT_VERSION = 1;
				DEVELOPMENT_ASSET_PATHS = "\"Madis/Preview Content\"";
				DEVELOPMENT_TEAM = AY98D2H4R5;
				ENABLE_HARDENED_RUNTIME = YES;
				ENABLE_PREVIEWS = YES;
				GENERATE_INFOPLIST_FILE = YES;
				INFOPLIST_KEY_NSHumanReadableCopyright = "";
				LD_RUNPATH_SEARCH_PATHS = (
					"$(inherited)",
					"@executable_path/../Frameworks",
				);
				MARKETING_VERSION = 1.0;
				PRODUCT_BUNDLE_IDENTIFIER = com.jack.Madis;
				PRODUCT_NAME = "$(TARGET_NAME)";
				SWIFT_EMIT_LOC_STRINGS = YES;
				SWIFT_VERSION = 5.0;
			};
			name = Debug;
		};
		E75652B72BBD9AB200F83280 /* Release */ = {
			isa = XCBuildConfiguration;
			buildSettings = {
				ASSETCATALOG_COMPILER_APPICON_NAME = AppIcon;
				ASSETCATALOG_COMPILER_GLOBAL_ACCENT_COLOR_NAME = AccentColor;
				CODE_SIGN_ENTITLEMENTS = Madis/Madis.entitlements;
				CODE_SIGN_STYLE = Automatic;
				COMBINE_HIDPI_IMAGES = YES;
				CURRENT_PROJECT_VERSION = 1;
				DEVELOPMENT_ASSET_PATHS = "\"Madis/Preview Content\"";
				DEVELOPMENT_TEAM = AY98D2H4R5;
				ENABLE_HARDENED_RUNTIME = YES;
				ENABLE_PREVIEWS = YES;
				GENERATE_INFOPLIST_FILE = YES;
				INFOPLIST_KEY_NSHumanReadableCopyright = "";
				LD_RUNPATH_SEARCH_PATHS = (
					"$(inherited)",
					"@executable_path/../Frameworks",
				);
				MARKETING_VERSION = 1.0;
				PRODUCT_BUNDLE_IDENTIFIER = com.jack.Madis;
				PRODUCT_NAME = "$(TARGET_NAME)";
				SWIFT_EMIT_LOC_STRINGS = YES;
				SWIFT_VERSION = 5.0;
			};
			name = Release;
		};
		E75652B92BBD9AB200F83280 /* Debug */ = {
			isa = XCBuildConfiguration;
			buildSettings = {
				ALWAYS_EMBED_SWIFT_STANDARD_LIBRARIES = YES;
				BUNDLE_LOADER = "$(TEST_HOST)";
				CODE_SIGN_STYLE = Automatic;
				CURRENT_PROJECT_VERSION = 1;
				DEVELOPMENT_TEAM = AY98D2H4R5;
				GENERATE_INFOPLIST_FILE = YES;
				MACOSX_DEPLOYMENT_TARGET = 14.3;
				MARKETING_VERSION = 1.0;
				PRODUCT_BUNDLE_IDENTIFIER = com.jack.MadisTests;
				PRODUCT_NAME = "$(TARGET_NAME)";
				SWIFT_EMIT_LOC_STRINGS = NO;
				SWIFT_VERSION = 5.0;
				TEST_HOST = "$(BUILT_PRODUCTS_DIR)/Madis.app/$(BUNDLE_EXECUTABLE_FOLDER_PATH)/Madis";
			};
			name = Debug;
		};
		E75652BA2BBD9AB200F83280 /* Release */ = {
			isa = XCBuildConfiguration;
			buildSettings = {
				ALWAYS_EMBED_SWIFT_STANDARD_LIBRARIES = YES;
				BUNDLE_LOADER = "$(TEST_HOST)";
				CODE_SIGN_STYLE = Automatic;
				CURRENT_PROJECT_VERSION = 1;
				DEVELOPMENT_TEAM = AY98D2H4R5;
				GENERATE_INFOPLIST_FILE = YES;
				MACOSX_DEPLOYMENT_TARGET = 14.3;
				MARKETING_VERSION = 1.0;
				PRODUCT_BUNDLE_IDENTIFIER = com.jack.MadisTests;
				PRODUCT_NAME = "$(TARGET_NAME)";
				SWIFT_EMIT_LOC_STRINGS = NO;
				SWIFT_VERSION = 5.0;
				TEST_HOST = "$(BUILT_PRODUCTS_DIR)/Madis.app/$(BUNDLE_EXECUTABLE_FOLDER_PATH)/Madis";
			};
			name = Release;
		};
		E75652BC2BBD9AB200F83280 /* Debug */ = {
			isa = XCBuildConfiguration;
			buildSettings = {
				ALWAYS_EMBED_SWIFT_STANDARD_LIBRARIES = YES;
				CODE_SIGN_STYLE = Automatic;
				CURRENT_PROJECT_VERSION = 1;
				DEVELOPMENT_TEAM = AY98D2H4R5;
				GENERATE_INFOPLIST_FILE = YES;
				MARKETING_VERSION = 1.0;
				PRODUCT_BUNDLE_IDENTIFIER = com.jack.MadisUITests;
				PRODUCT_NAME = "$(TARGET_NAME)";
				SWIFT_EMIT_LOC_STRINGS = NO;
				SWIFT_VERSION = 5.0;
				TEST_TARGET_NAME = Madis;
			};
			name = Debug;
		};
		E75652BD2BBD9AB200F83280 /* Release */ = {
			isa = XCBuildConfiguration;
			buildSettings = {
				ALWAYS_EMBED_SWIFT_STANDARD_LIBRARIES = YES;
				CODE_SIGN_STYLE = Automatic;
				CURRENT_PROJECT_VERSION = 1;
				DEVELOPMENT_TEAM = AY98D2H4R5;
				GENERATE_INFOPLIST_FILE = YES;
				MARKETING_VERSION = 1.0;
				PRODUCT_BUNDLE_IDENTIFIER = com.jack.MadisUITests;
				PRODUCT_NAME = "$(TARGET_NAME)";
				SWIFT_EMIT_LOC_STRINGS = NO;
				SWIFT_VERSION = 5.0;
				TEST_TARGET_NAME = Madis;
			};
			name = Release;
		};
/* End XCBuildConfiguration section */

/* Begin XCConfigurationList section */
		E756528B2BBD9AB000F83280 /* Build configuration list for PBXProject "Madis" */ = {
			isa = XCConfigurationList;
			buildConfigurations = (
				E75652B32BBD9AB200F83280 /* Debug */,
				E75652B42BBD9AB200F83280 /* Release */,
			);
			defaultConfigurationIsVisible = 0;
			defaultConfigurationName = Release;
		};
		E75652B52BBD9AB200F83280 /* Build configuration list for PBXNativeTarget "Madis" */ = {
			isa = XCConfigurationList;
			buildConfigurations = (
				E75652B62BBD9AB200F83280 /* Debug */,
				E75652B72BBD9AB200F83280 /* Release */,
			);
			defaultConfigurationIsVisible = 0;
			defaultConfigurationName = Release;
		};
		E75652B82BBD9AB200F83280 /* Build configuration list for PBXNativeTarget "MadisTests" */ = {
			isa = XCConfigurationList;
			buildConfigurations = (
				E75652B92BBD9AB200F83280 /* Debug */,
				E75652BA2BBD9AB200F83280 /* Release */,
			);
			defaultConfigurationIsVisible = 0;
			defaultConfigurationName = Release;
		};
		E75652BB2BBD9AB200F83280 /* Build configuration list for PBXNativeTarget "MadisUITests" */ = {
			isa = XCConfigurationList;
			buildConfigurations = (
				E75652BC2BBD9AB200F83280 /* Debug */,
				E75652BD2BBD9AB200F83280 /* Release */,
			);
			defaultConfigurationIsVisible = 0;
			defaultConfigurationName = Release;
		};
/* End XCConfigurationList section */

/* Begin XCRemoteSwiftPackageReference section */
		E71781762BF6531B0056BF64 /* XCRemoteSwiftPackageReference "RediStack" */ = {
			isa = XCRemoteSwiftPackageReference;
			repositoryURL = "https://github.com/swift-server/RediStack.git";
			requirement = {
				kind = upToNextMajorVersion;
				minimumVersion = 1.6.2;
			};
		};
/* End XCRemoteSwiftPackageReference section */

/* Begin XCSwiftPackageProductDependency section */
		E7511F042BFB948D00330FBF /* RediStack */ = {
			isa = XCSwiftPackageProductDependency;
			package = E71781762BF6531B0056BF64 /* XCRemoteSwiftPackageReference "RediStack" */;
			productName = RediStack;
		};
/* End XCSwiftPackageProductDependency section */
	};
	rootObject = E75652882BBD9AB000F83280 /* Project object */;
}
